// !$*UTF8*$!
{
	archiveVersion = 1;
	classes = {
	};
	objectVersion = 46;
	objects = {

/* Begin PBXBuildFile section */
		24C3CD10207D42FE00BE57C7 /* GRYExtensions.swift in Sources */ = {isa = PBXBuildFile; fileRef = 24C3CD0F207D42FE00BE57C7 /* GRYExtensions.swift */; };
		24EB00B5207C0437006015CD /* GRYKotlinTranslator.swift in Sources */ = {isa = PBXBuildFile; fileRef = 24EB00B4207C0437006015CD /* GRYKotlinTranslator.swift */; };
		OBJ_24 /* GRYAst.swift in Sources */ = {isa = PBXBuildFile; fileRef = OBJ_9 /* GRYAst.swift */; };
		OBJ_25 /* GRYPrintableAsTree.swift in Sources */ = {isa = PBXBuildFile; fileRef = OBJ_10 /* GRYPrintableAsTree.swift */; };
		OBJ_26 /* GRYRegex.swift in Sources */ = {isa = PBXBuildFile; fileRef = OBJ_11 /* GRYRegex.swift */; };
		OBJ_27 /* GRYSExpressionParser.swift in Sources */ = {isa = PBXBuildFile; fileRef = OBJ_12 /* GRYSExpressionParser.swift */; };
		OBJ_28 /* GRYShell.swift in Sources */ = {isa = PBXBuildFile; fileRef = OBJ_13 /* GRYShell.swift */; };
		OBJ_29 /* GRYUtils.swift in Sources */ = {isa = PBXBuildFile; fileRef = OBJ_14 /* GRYUtils.swift */; };
		OBJ_30 /* main.swift in Sources */ = {isa = PBXBuildFile; fileRef = OBJ_15 /* main.swift */; };
		OBJ_37 /* Package.swift in Sources */ = {isa = PBXBuildFile; fileRef = OBJ_6 /* Package.swift */; };
/* End PBXBuildFile section */

/* Begin PBXFileReference section */
		24C3CD0E207D3F4B00BE57C7 /* test.swift */ = {isa = PBXFileReference; lastKnownFileType = sourcecode.swift; path = test.swift; sourceTree = "<group>"; };
		24C3CD0F207D42FE00BE57C7 /* GRYExtensions.swift */ = {isa = PBXFileReference; lastKnownFileType = sourcecode.swift; path = GRYExtensions.swift; sourceTree = "<group>"; };
		24EB00B4207C0437006015CD /* GRYKotlinTranslator.swift */ = {isa = PBXFileReference; lastKnownFileType = sourcecode.swift; path = GRYKotlinTranslator.swift; sourceTree = "<group>"; };
		"Gryphon::Gryphon::Product" /* Gryphon */ = {isa = PBXFileReference; lastKnownFileType = text; path = Gryphon; sourceTree = BUILT_PRODUCTS_DIR; };
		OBJ_10 /* GRYPrintableAsTree.swift */ = {isa = PBXFileReference; lastKnownFileType = sourcecode.swift; path = GRYPrintableAsTree.swift; sourceTree = "<group>"; };
		OBJ_11 /* GRYRegex.swift */ = {isa = PBXFileReference; lastKnownFileType = sourcecode.swift; path = GRYRegex.swift; sourceTree = "<group>"; };
		OBJ_12 /* GRYSExpressionParser.swift */ = {isa = PBXFileReference; lastKnownFileType = sourcecode.swift; path = GRYSExpressionParser.swift; sourceTree = "<group>"; };
		OBJ_13 /* GRYShell.swift */ = {isa = PBXFileReference; lastKnownFileType = sourcecode.swift; path = GRYShell.swift; sourceTree = "<group>"; };
		OBJ_14 /* GRYUtils.swift */ = {isa = PBXFileReference; lastKnownFileType = sourcecode.swift; path = GRYUtils.swift; sourceTree = "<group>"; };
		OBJ_15 /* main.swift */ = {isa = PBXFileReference; lastKnownFileType = sourcecode.swift; path = main.swift; sourceTree = "<group>"; };
		OBJ_6 /* Package.swift */ = {isa = PBXFileReference; explicitFileType = sourcecode.swift; path = Package.swift; sourceTree = "<group>"; };
		OBJ_9 /* GRYAst.swift */ = {isa = PBXFileReference; lastKnownFileType = sourcecode.swift; path = GRYAst.swift; sourceTree = "<group>"; };
/* End PBXFileReference section */

/* Begin PBXFrameworksBuildPhase section */
		OBJ_31 /* Frameworks */ = {
			isa = PBXFrameworksBuildPhase;
			buildActionMask = 0;
			files = (
			);
			runOnlyForDeploymentPostprocessing = 0;
		};
/* End PBXFrameworksBuildPhase section */

/* Begin PBXGroup section */
		OBJ_16 /* Tests */ = {
			isa = PBXGroup;
			children = (
			);
			name = Tests;
			sourceTree = SOURCE_ROOT;
		};
		OBJ_17 /* Products */ = {
			isa = PBXGroup;
			children = (
				"Gryphon::Gryphon::Product" /* Gryphon */,
			);
			name = Products;
			sourceTree = BUILT_PRODUCTS_DIR;
		};
		OBJ_5 = {
			isa = PBXGroup;
			children = (
				OBJ_6 /* Package.swift */,
				24C3CD0E207D3F4B00BE57C7 /* test.swift */,
				OBJ_7 /* Sources */,
				OBJ_16 /* Tests */,
				OBJ_17 /* Products */,
			);
			sourceTree = "<group>";
		};
		OBJ_7 /* Sources */ = {
			isa = PBXGroup;
			children = (
				OBJ_8 /* Gryphon */,
			);
			name = Sources;
			sourceTree = SOURCE_ROOT;
		};
		OBJ_8 /* Gryphon */ = {
			isa = PBXGroup;
			children = (
				OBJ_15 /* main.swift */,
				OBJ_12 /* GRYSExpressionParser.swift */,
				OBJ_9 /* GRYAst.swift */,
				24EB00B4207C0437006015CD /* GRYKotlinTranslator.swift */,
				OBJ_10 /* GRYPrintableAsTree.swift */,
				OBJ_11 /* GRYRegex.swift */,
				OBJ_13 /* GRYShell.swift */,
				OBJ_14 /* GRYUtils.swift */,
				24C3CD0F207D42FE00BE57C7 /* GRYExtensions.swift */,
			);
			name = Gryphon;
			path = Sources/Gryphon;
			sourceTree = SOURCE_ROOT;
		};
/* End PBXGroup section */

/* Begin PBXNativeTarget section */
		"Gryphon::Gryphon" /* Gryphon */ = {
			isa = PBXNativeTarget;
			buildConfigurationList = OBJ_20 /* Build configuration list for PBXNativeTarget "Gryphon" */;
			buildPhases = (
				OBJ_23 /* Sources */,
				OBJ_31 /* Frameworks */,
			);
			buildRules = (
			);
			dependencies = (
			);
			name = Gryphon;
			productName = Gryphon;
			productReference = "Gryphon::Gryphon::Product" /* Gryphon */;
			productType = "com.apple.product-type.tool";
		};
		"Gryphon::SwiftPMPackageDescription" /* GryphonPackageDescription */ = {
			isa = PBXNativeTarget;
			buildConfigurationList = OBJ_33 /* Build configuration list for PBXNativeTarget "GryphonPackageDescription" */;
			buildPhases = (
				OBJ_36 /* Sources */,
			);
			buildRules = (
			);
			dependencies = (
			);
			name = GryphonPackageDescription;
			productName = GryphonPackageDescription;
			productType = "com.apple.product-type.framework";
		};
/* End PBXNativeTarget section */

/* Begin PBXProject section */
		OBJ_1 /* Project object */ = {
			isa = PBXProject;
			attributes = {
				LastUpgradeCheck = 9999;
			};
			buildConfigurationList = OBJ_2 /* Build configuration list for PBXProject "Gryphon" */;
			compatibilityVersion = "Xcode 3.2";
			developmentRegion = English;
			hasScannedForEncodings = 0;
			knownRegions = (
				en,
			);
			mainGroup = OBJ_5;
			productRefGroup = OBJ_17 /* Products */;
			projectDirPath = "";
			projectRoot = "";
			targets = (
				"Gryphon::Gryphon" /* Gryphon */,
				"Gryphon::SwiftPMPackageDescription" /* GryphonPackageDescription */,
			);
		};
/* End PBXProject section */

/* Begin PBXSourcesBuildPhase section */
		OBJ_23 /* Sources */ = {
			isa = PBXSourcesBuildPhase;
			buildActionMask = 0;
			files = (
				OBJ_24 /* GRYAst.swift in Sources */,
				24EB00B5207C0437006015CD /* GRYKotlinTranslator.swift in Sources */,
				OBJ_25 /* GRYPrintableAsTree.swift in Sources */,
				OBJ_26 /* GRYRegex.swift in Sources */,
				24C3CD10207D42FE00BE57C7 /* GRYExtensions.swift in Sources */,
				OBJ_27 /* GRYSExpressionParser.swift in Sources */,
				OBJ_28 /* GRYShell.swift in Sources */,
				OBJ_29 /* GRYUtils.swift in Sources */,
				OBJ_30 /* main.swift in Sources */,
			);
			runOnlyForDeploymentPostprocessing = 0;
		};
		OBJ_36 /* Sources */ = {
			isa = PBXSourcesBuildPhase;
			buildActionMask = 0;
			files = (
				OBJ_37 /* Package.swift in Sources */,
			);
			runOnlyForDeploymentPostprocessing = 0;
		};
/* End PBXSourcesBuildPhase section */

/* Begin XCBuildConfiguration section */
		OBJ_21 /* Debug */ = {
			isa = XCBuildConfiguration;
			buildSettings = {
				FRAMEWORK_SEARCH_PATHS = (
					"$(inherited)",
					"$(PLATFORM_DIR)/Developer/Library/Frameworks",
				);
				HEADER_SEARCH_PATHS = "$(inherited)";
				INFOPLIST_FILE = Gryphon.xcodeproj/Gryphon_Info.plist;
				LD_RUNPATH_SEARCH_PATHS = "$(inherited) $(TOOLCHAIN_DIR)/usr/lib/swift/macosx @executable_path";
				OTHER_CFLAGS = "$(inherited)";
				OTHER_LDFLAGS = "$(inherited)";
				OTHER_SWIFT_FLAGS = "$(inherited)";
				SWIFT_FORCE_DYNAMIC_LINK_STDLIB = YES;
				SWIFT_FORCE_STATIC_LINK_STDLIB = NO;
				SWIFT_VERSION = 4.0;
				TARGET_NAME = Gryphon;
			};
			name = Debug;
		};
		OBJ_22 /* Release */ = {
			isa = XCBuildConfiguration;
			buildSettings = {
				FRAMEWORK_SEARCH_PATHS = (
					"$(inherited)",
					"$(PLATFORM_DIR)/Developer/Library/Frameworks",
				);
				HEADER_SEARCH_PATHS = "$(inherited)";
				INFOPLIST_FILE = Gryphon.xcodeproj/Gryphon_Info.plist;
				LD_RUNPATH_SEARCH_PATHS = "$(inherited) $(TOOLCHAIN_DIR)/usr/lib/swift/macosx @executable_path";
				OTHER_CFLAGS = "$(inherited)";
				OTHER_LDFLAGS = "$(inherited)";
				OTHER_SWIFT_FLAGS = "$(inherited)";
				SWIFT_FORCE_DYNAMIC_LINK_STDLIB = YES;
				SWIFT_FORCE_STATIC_LINK_STDLIB = NO;
				SWIFT_VERSION = 4.0;
				TARGET_NAME = Gryphon;
			};
			name = Release;
		};
		OBJ_3 /* Debug */ = {
			isa = XCBuildConfiguration;
			buildSettings = {
				CLANG_ENABLE_OBJC_ARC = YES;
				COMBINE_HIDPI_IMAGES = YES;
				COPY_PHASE_STRIP = NO;
				DEBUG_INFORMATION_FORMAT = dwarf;
				DYLIB_INSTALL_NAME_BASE = "@rpath";
				ENABLE_NS_ASSERTIONS = YES;
				GCC_OPTIMIZATION_LEVEL = 0;
				MACOSX_DEPLOYMENT_TARGET = 10.10;
				ONLY_ACTIVE_ARCH = YES;
				OTHER_SWIFT_FLAGS = "-DXcode";
				PRODUCT_NAME = "$(TARGET_NAME)";
				SDKROOT = macosx;
				SUPPORTED_PLATFORMS = "macosx iphoneos iphonesimulator appletvos appletvsimulator watchos watchsimulator";
				SWIFT_ACTIVE_COMPILATION_CONDITIONS = SWIFT_PACKAGE;
				SWIFT_OPTIMIZATION_LEVEL = "-Onone";
				USE_HEADERMAP = NO;
			};
			name = Debug;
		};
		OBJ_34 /* Debug */ = {
			isa = XCBuildConfiguration;
			buildSettings = {
				LD = /usr/bin/true;
				OTHER_SWIFT_FLAGS = "-swift-version 4 -I $(TOOLCHAIN_DIR)/usr/lib/swift/pm/4 -target x86_64-apple-macosx10.10 -sdk /Applications/Xcode.app/Contents/Developer/Platforms/MacOSX.platform/Developer/SDKs/MacOSX10.13.sdk";
				SWIFT_VERSION = 4.0;
			};
			name = Debug;
		};
		OBJ_35 /* Release */ = {
			isa = XCBuildConfiguration;
			buildSettings = {
				LD = /usr/bin/true;
				OTHER_SWIFT_FLAGS = "-swift-version 4 -I $(TOOLCHAIN_DIR)/usr/lib/swift/pm/4 -target x86_64-apple-macosx10.10 -sdk /Applications/Xcode.app/Contents/Developer/Platforms/MacOSX.platform/Developer/SDKs/MacOSX10.13.sdk";
				SWIFT_VERSION = 4.0;
			};
			name = Release;
		};
		OBJ_4 /* Release */ = {
			isa = XCBuildConfiguration;
			buildSettings = {
				CLANG_ENABLE_OBJC_ARC = YES;
				COMBINE_HIDPI_IMAGES = YES;
				COPY_PHASE_STRIP = YES;
				DEBUG_INFORMATION_FORMAT = "dwarf-with-dsym";
				DYLIB_INSTALL_NAME_BASE = "@rpath";
				GCC_OPTIMIZATION_LEVEL = s;
				MACOSX_DEPLOYMENT_TARGET = 10.10;
				OTHER_SWIFT_FLAGS = "-DXcode";
				PRODUCT_NAME = "$(TARGET_NAME)";
				SDKROOT = macosx;
				SUPPORTED_PLATFORMS = "macosx iphoneos iphonesimulator appletvos appletvsimulator watchos watchsimulator";
				SWIFT_ACTIVE_COMPILATION_CONDITIONS = SWIFT_PACKAGE;
				SWIFT_OPTIMIZATION_LEVEL = "-Owholemodule";
				USE_HEADERMAP = NO;
			};
			name = Release;
		};
/* End XCBuildConfiguration section */

/* Begin XCConfigurationList section */
		OBJ_2 /* Build configuration list for PBXProject "Gryphon" */ = {
			isa = XCConfigurationList;
			buildConfigurations = (
				OBJ_3 /* Debug */,
				OBJ_4 /* Release */,
			);
			defaultConfigurationIsVisible = 0;
			defaultConfigurationName = Release;
		};
		OBJ_20 /* Build configuration list for PBXNativeTarget "Gryphon" */ = {
			isa = XCConfigurationList;
			buildConfigurations = (
				OBJ_21 /* Debug */,
				OBJ_22 /* Release */,
			);
			defaultConfigurationIsVisible = 0;
			defaultConfigurationName = Release;
		};
		OBJ_33 /* Build configuration list for PBXNativeTarget "GryphonPackageDescription" */ = {
			isa = XCConfigurationList;
			buildConfigurations = (
				OBJ_34 /* Debug */,
				OBJ_35 /* Release */,
			);
			defaultConfigurationIsVisible = 0;
			defaultConfigurationName = Release;
		};
/* End XCConfigurationList section */
	};
	rootObject = OBJ_1 /* Project object */;
}
