// !$*UTF8*$!
{
	archiveVersion = 1;
	classes = {
	};
	objectVersion = 50;
	objects = {

/* Begin PBXBuildFile section */
		24374FB22072A8850066D341 /* GRYAst.swift in Sources */ = {isa = PBXBuildFile; fileRef = 24374FB12072A8850066D341 /* GRYAst.swift */; };
		24952737206EEB2E0055E686 /* GRYSExpressionParser.swift in Sources */ = {isa = PBXBuildFile; fileRef = 24952736206EEB2E0055E686 /* GRYSExpressionParser.swift */; };
		24F36D0C206C2E27008078F5 /* main.swift in Sources */ = {isa = PBXBuildFile; fileRef = 24F36D0B206C2E27008078F5 /* main.swift */; };
		24F36D13206C2E9C008078F5 /* GRYRegex.swift in Sources */ = {isa = PBXBuildFile; fileRef = 24F36D12206C2E9C008078F5 /* GRYRegex.swift */; };
		24F36D15206C2EA4008078F5 /* GRYPrintableAsTree.swift in Sources */ = {isa = PBXBuildFile; fileRef = 24F36D14206C2EA4008078F5 /* GRYPrintableAsTree.swift */; };
		24F36D17206C2F1E008078F5 /* GRYDynamicAst.swift in Sources */ = {isa = PBXBuildFile; fileRef = 24F36D16206C2F1E008078F5 /* GRYDynamicAst.swift */; };
		24F36D1B206C3240008078F5 /* GRYUtils.swift in Sources */ = {isa = PBXBuildFile; fileRef = 24F36D1A206C3240008078F5 /* GRYUtils.swift */; };
/* End PBXBuildFile section */

/* Begin PBXCopyFilesBuildPhase section */
		24F36D06206C2E27008078F5 /* CopyFiles */ = {
			isa = PBXCopyFilesBuildPhase;
			buildActionMask = 2147483647;
			dstPath = /usr/share/man/man1/;
			dstSubfolderSpec = 0;
			files = (
			);
			runOnlyForDeploymentPostprocessing = 1;
		};
/* End PBXCopyFilesBuildPhase section */

/* Begin PBXFileReference section */
		24374FB12072A8850066D341 /* GRYAst.swift */ = {isa = PBXFileReference; lastKnownFileType = sourcecode.swift; path = GRYAst.swift; sourceTree = "<group>"; };
		24952736206EEB2E0055E686 /* GRYSExpressionParser.swift */ = {isa = PBXFileReference; lastKnownFileType = sourcecode.swift; path = GRYSExpressionParser.swift; sourceTree = "<group>"; };
		24F36D08206C2E27008078F5 /* Gryphon */ = {isa = PBXFileReference; explicitFileType = "compiled.mach-o.executable"; includeInIndex = 0; path = Gryphon; sourceTree = BUILT_PRODUCTS_DIR; };
		24F36D0B206C2E27008078F5 /* main.swift */ = {isa = PBXFileReference; lastKnownFileType = sourcecode.swift; path = main.swift; sourceTree = "<group>"; };
		24F36D12206C2E9C008078F5 /* GRYRegex.swift */ = {isa = PBXFileReference; fileEncoding = 4; lastKnownFileType = sourcecode.swift; path = GRYRegex.swift; sourceTree = "<group>"; };
		24F36D14206C2EA4008078F5 /* GRYPrintableAsTree.swift */ = {isa = PBXFileReference; fileEncoding = 4; lastKnownFileType = sourcecode.swift; path = GRYPrintableAsTree.swift; sourceTree = "<group>"; };
		24F36D16206C2F1E008078F5 /* GRYDynamicAst.swift */ = {isa = PBXFileReference; lastKnownFileType = sourcecode.swift; path = GRYDynamicAst.swift; sourceTree = "<group>"; };
		24F36D1A206C3240008078F5 /* GRYUtils.swift */ = {isa = PBXFileReference; lastKnownFileType = sourcecode.swift; path = GRYUtils.swift; sourceTree = "<group>"; };
/* End PBXFileReference section */

/* Begin PBXFrameworksBuildPhase section */
		24F36D05206C2E27008078F5 /* Frameworks */ = {
			isa = PBXFrameworksBuildPhase;
			buildActionMask = 2147483647;
			files = (
			);
			runOnlyForDeploymentPostprocessing = 0;
		};
/* End PBXFrameworksBuildPhase section */

/* Begin PBXGroup section */
		24374FB02072A8710066D341 /* Gryphon AST */ = {
			isa = PBXGroup;
			children = (
				24374FB12072A8850066D341 /* GRYAst.swift */,
			);
			path = "Gryphon AST";
			sourceTree = "<group>";
		};
		24F36CFF206C2E26008078F5 = {
			isa = PBXGroup;
			children = (
				24F36D0A206C2E27008078F5 /* Gryphon */,
				24F36D09206C2E27008078F5 /* Products */,
			);
			sourceTree = "<group>";
		};
		24F36D09206C2E27008078F5 /* Products */ = {
			isa = PBXGroup;
			children = (
				24F36D08206C2E27008078F5 /* Gryphon */,
			);
			name = Products;
			sourceTree = "<group>";
		};
		24F36D0A206C2E27008078F5 /* Gryphon */ = {
			isa = PBXGroup;
			children = (
				24F36D0B206C2E27008078F5 /* main.swift */,
				24374FB02072A8710066D341 /* Gryphon AST */,
				24F36D16206C2F1E008078F5 /* GRYDynamicAst.swift */,
				24952736206EEB2E0055E686 /* GRYSExpressionParser.swift */,
				24F36D14206C2EA4008078F5 /* GRYPrintableAsTree.swift */,
				24F36D12206C2E9C008078F5 /* GRYRegex.swift */,
				24F36D1A206C3240008078F5 /* GRYUtils.swift */,
			);
			path = Gryphon;
			sourceTree = "<group>";
		};
/* End PBXGroup section */

/* Begin PBXNativeTarget section */
		24F36D07206C2E27008078F5 /* Gryphon */ = {
			isa = PBXNativeTarget;
			buildConfigurationList = 24F36D0F206C2E27008078F5 /* Build configuration list for PBXNativeTarget "Gryphon" */;
			buildPhases = (
				24F36D04206C2E27008078F5 /* Sources */,
				24F36D05206C2E27008078F5 /* Frameworks */,
				24F36D06206C2E27008078F5 /* CopyFiles */,
			);
			buildRules = (
			);
			dependencies = (
			);
			name = Gryphon;
			productName = Gryphon;
			productReference = 24F36D08206C2E27008078F5 /* Gryphon */;
			productType = "com.apple.product-type.tool";
		};
/* End PBXNativeTarget section */

/* Begin PBXProject section */
		24F36D00206C2E26008078F5 /* Project object */ = {
			isa = PBXProject;
			attributes = {
				LastSwiftUpdateCheck = 0930;
				LastUpgradeCheck = 0930;
				ORGANIZATIONNAME = Vini;
				TargetAttributes = {
					24F36D07206C2E27008078F5 = {
						CreatedOnToolsVersion = 9.3;
					};
				};
			};
			buildConfigurationList = 24F36D03206C2E26008078F5 /* Build configuration list for PBXProject "Gryphon" */;
			compatibilityVersion = "Xcode 9.3";
			developmentRegion = en;
			hasScannedForEncodings = 0;
			knownRegions = (
				en,
			);
			mainGroup = 24F36CFF206C2E26008078F5;
			productRefGroup = 24F36D09206C2E27008078F5 /* Products */;
			projectDirPath = "";
			projectRoot = "";
			targets = (
				24F36D07206C2E27008078F5 /* Gryphon */,
			);
		};
/* End PBXProject section */

/* Begin PBXSourcesBuildPhase section */
		24F36D04206C2E27008078F5 /* Sources */ = {
			isa = PBXSourcesBuildPhase;
			buildActionMask = 2147483647;
			files = (
				24F36D17206C2F1E008078F5 /* GRYDynamicAst.swift in Sources */,
				24F36D0C206C2E27008078F5 /* main.swift in Sources */,
				24F36D15206C2EA4008078F5 /* GRYPrintableAsTree.swift in Sources */,
				24374FB22072A8850066D341 /* GRYAst.swift in Sources */,
				24F36D13206C2E9C008078F5 /* GRYRegex.swift in Sources */,
				24F36D1B206C3240008078F5 /* GRYUtils.swift in Sources */,
				24952737206EEB2E0055E686 /* GRYSExpressionParser.swift in Sources */,
			);
			runOnlyForDeploymentPostprocessing = 0;
		};
/* End PBXSourcesBuildPhase section */

/* Begin XCBuildConfiguration section */
		24F36D0D206C2E27008078F5 /* Debug */ = {
			isa = XCBuildConfiguration;
			buildSettings = {
				ALWAYS_SEARCH_USER_PATHS = NO;
				CLANG_ANALYZER_NONNULL = YES;
				CLANG_ANALYZER_NUMBER_OBJECT_CONVERSION = YES_AGGRESSIVE;
				CLANG_CXX_LANGUAGE_STANDARD = "gnu++14";
				CLANG_CXX_LIBRARY = "libc++";
				CLANG_ENABLE_MODULES = YES;
				CLANG_ENABLE_OBJC_ARC = YES;
				CLANG_ENABLE_OBJC_WEAK = YES;
				CLANG_WARN_BLOCK_CAPTURE_AUTORELEASING = YES;
				CLANG_WARN_BOOL_CONVERSION = YES;
				CLANG_WARN_COMMA = YES;
				CLANG_WARN_CONSTANT_CONVERSION = YES;
				CLANG_WARN_DEPRECATED_OBJC_IMPLEMENTATIONS = YES;
				CLANG_WARN_DIRECT_OBJC_ISA_USAGE = YES_ERROR;
				CLANG_WARN_DOCUMENTATION_COMMENTS = YES;
				CLANG_WARN_EMPTY_BODY = YES;
				CLANG_WARN_ENUM_CONVERSION = YES;
				CLANG_WARN_INFINITE_RECURSION = YES;
				CLANG_WARN_INT_CONVERSION = YES;
				CLANG_WARN_NON_LITERAL_NULL_CONVERSION = YES;
				CLANG_WARN_OBJC_IMPLICIT_RETAIN_SELF = YES;
				CLANG_WARN_OBJC_LITERAL_CONVERSION = YES;
				CLANG_WARN_OBJC_ROOT_CLASS = YES_ERROR;
				CLANG_WARN_RANGE_LOOP_ANALYSIS = YES;
				CLANG_WARN_STRICT_PROTOTYPES = YES;
				CLANG_WARN_SUSPICIOUS_MOVE = YES;
				CLANG_WARN_UNGUARDED_AVAILABILITY = YES_AGGRESSIVE;
				CLANG_WARN_UNREACHABLE_CODE = YES;
				CLANG_WARN__DUPLICATE_METHOD_MATCH = YES;
				CODE_SIGN_IDENTITY = "Mac Developer";
				COPY_PHASE_STRIP = NO;
				DEBUG_INFORMATION_FORMAT = dwarf;
				ENABLE_STRICT_OBJC_MSGSEND = YES;
				ENABLE_TESTABILITY = YES;
				GCC_C_LANGUAGE_STANDARD = gnu11;
				GCC_DYNAMIC_NO_PIC = NO;
				GCC_NO_COMMON_BLOCKS = YES;
				GCC_OPTIMIZATION_LEVEL = 0;
				GCC_PREPROCESSOR_DEFINITIONS = (
					"DEBUG=1",
					"$(inherited)",
				);
				GCC_WARN_64_TO_32_BIT_CONVERSION = YES;
				GCC_WARN_ABOUT_RETURN_TYPE = YES_ERROR;
				GCC_WARN_UNDECLARED_SELECTOR = YES;
				GCC_WARN_UNINITIALIZED_AUTOS = YES_AGGRESSIVE;
				GCC_WARN_UNUSED_FUNCTION = YES;
				GCC_WARN_UNUSED_VARIABLE = YES;
				MACOSX_DEPLOYMENT_TARGET = 10.13;
				MTL_ENABLE_DEBUG_INFO = YES;
				ONLY_ACTIVE_ARCH = YES;
				SDKROOT = macosx;
				SWIFT_ACTIVE_COMPILATION_CONDITIONS = DEBUG;
				SWIFT_OPTIMIZATION_LEVEL = "-Onone";
			};
			name = Debug;
		};
		24F36D0E206C2E27008078F5 /* Release */ = {
			isa = XCBuildConfiguration;
			buildSettings = {
				ALWAYS_SEARCH_USER_PATHS = NO;
				CLANG_ANALYZER_NONNULL = YES;
				CLANG_ANALYZER_NUMBER_OBJECT_CONVERSION = YES_AGGRESSIVE;
				CLANG_CXX_LANGUAGE_STANDARD = "gnu++14";
				CLANG_CXX_LIBRARY = "libc++";
				CLANG_ENABLE_MODULES = YES;
				CLANG_ENABLE_OBJC_ARC = YES;
				CLANG_ENABLE_OBJC_WEAK = YES;
				CLANG_WARN_BLOCK_CAPTURE_AUTORELEASING = YES;
				CLANG_WARN_BOOL_CONVERSION = YES;
				CLANG_WARN_COMMA = YES;
				CLANG_WARN_CONSTANT_CONVERSION = YES;
				CLANG_WARN_DEPRECATED_OBJC_IMPLEMENTATIONS = YES;
				CLANG_WARN_DIRECT_OBJC_ISA_USAGE = YES_ERROR;
				CLANG_WARN_DOCUMENTATION_COMMENTS = YES;
				CLANG_WARN_EMPTY_BODY = YES;
				CLANG_WARN_ENUM_CONVERSION = YES;
				CLANG_WARN_INFINITE_RECURSION = YES;
				CLANG_WARN_INT_CONVERSION = YES;
				CLANG_WARN_NON_LITERAL_NULL_CONVERSION = YES;
				CLANG_WARN_OBJC_IMPLICIT_RETAIN_SELF = YES;
				CLANG_WARN_OBJC_LITERAL_CONVERSION = YES;
				CLANG_WARN_OBJC_ROOT_CLASS = YES_ERROR;
				CLANG_WARN_RANGE_LOOP_ANALYSIS = YES;
				CLANG_WARN_STRICT_PROTOTYPES = YES;
				CLANG_WARN_SUSPICIOUS_MOVE = YES;
				CLANG_WARN_UNGUARDED_AVAILABILITY = YES_AGGRESSIVE;
				CLANG_WARN_UNREACHABLE_CODE = YES;
				CLANG_WARN__DUPLICATE_METHOD_MATCH = YES;
				CODE_SIGN_IDENTITY = "Mac Developer";
				COPY_PHASE_STRIP = NO;
				DEBUG_INFORMATION_FORMAT = "dwarf-with-dsym";
				ENABLE_NS_ASSERTIONS = NO;
				ENABLE_STRICT_OBJC_MSGSEND = YES;
				GCC_C_LANGUAGE_STANDARD = gnu11;
				GCC_NO_COMMON_BLOCKS = YES;
				GCC_WARN_64_TO_32_BIT_CONVERSION = YES;
				GCC_WARN_ABOUT_RETURN_TYPE = YES_ERROR;
				GCC_WARN_UNDECLARED_SELECTOR = YES;
				GCC_WARN_UNINITIALIZED_AUTOS = YES_AGGRESSIVE;
				GCC_WARN_UNUSED_FUNCTION = YES;
				GCC_WARN_UNUSED_VARIABLE = YES;
				MACOSX_DEPLOYMENT_TARGET = 10.13;
				MTL_ENABLE_DEBUG_INFO = NO;
				SDKROOT = macosx;
				SWIFT_COMPILATION_MODE = wholemodule;
				SWIFT_OPTIMIZATION_LEVEL = "-O";
			};
			name = Release;
		};
		24F36D10206C2E27008078F5 /* Debug */ = {
			isa = XCBuildConfiguration;
			buildSettings = {
				CODE_SIGN_STYLE = Automatic;
				DEVELOPMENT_TEAM = HHT774898M;
				PRODUCT_NAME = "$(TARGET_NAME)";
				SWIFT_VERSION = 4.0;
			};
			name = Debug;
		};
		24F36D11206C2E27008078F5 /* Release */ = {
			isa = XCBuildConfiguration;
			buildSettings = {
				CODE_SIGN_STYLE = Automatic;
				DEVELOPMENT_TEAM = HHT774898M;
				PRODUCT_NAME = "$(TARGET_NAME)";
				SWIFT_VERSION = 4.0;
			};
			name = Release;
		};
/* End XCBuildConfiguration section */

/* Begin XCConfigurationList section */
		24F36D03206C2E26008078F5 /* Build configuration list for PBXProject "Gryphon" */ = {
			isa = XCConfigurationList;
			buildConfigurations = (
				24F36D0D206C2E27008078F5 /* Debug */,
				24F36D0E206C2E27008078F5 /* Release */,
			);
			defaultConfigurationIsVisible = 0;
			defaultConfigurationName = Release;
		};
		24F36D0F206C2E27008078F5 /* Build configuration list for PBXNativeTarget "Gryphon" */ = {
			isa = XCConfigurationList;
			buildConfigurations = (
				24F36D10206C2E27008078F5 /* Debug */,
				24F36D11206C2E27008078F5 /* Release */,
			);
			defaultConfigurationIsVisible = 0;
			defaultConfigurationName = Release;
		};
/* End XCConfigurationList section */
	};
	rootObject = 24F36D00206C2E26008078F5 /* Project object */;
}
